
Microsoft Visual Studio Solution File, Format Version 12.00
# Visual Studio Version 17
VisualStudioVersion = 17.0.31903.59
MinimumVisualStudioVersion = 10.0.40219.1
Project("{FAE04EC0-301F-11D3-BF4B-00C04F79EFBC}") = "DDD-Example.Rental.Api", "DDD-Example.Rental.Api\DDD-Example.Rental.Api.csproj", "{118665F2-491F-4837-AD2F-9CCDF2687DF7}"
EndProject
Project("{FAE04EC0-301F-11D3-BF4B-00C04F79EFBC}") = "DDD-Example.Rental.Application", "DDD-Example.Rental.Application\DDD-Example.Rental.Application.csproj", "{DE776B7A-61D9-46CD-8E23-66FAB9D25EA8}"
EndProject
Project("{FAE04EC0-301F-11D3-BF4B-00C04F79EFBC}") = "DDD-Example.Rental.Domain", "DDD-Example.Rental.Domain\DDD-Example.Rental.Domain.csproj", "{15595F33-8CF3-4D7B-92CB-467FE5F7E84E}"
EndProject
Project("{FAE04EC0-301F-11D3-BF4B-00C04F79EFBC}") = "DDD-Example.Rental.Infrastructure", "DDD-Example.Rental.Infrastructure\DDD-Example.Rental.Infrastructure.csproj", "{EC59B9B2-260C-4DC6-AA7E-B561F6687E37}"
EndProject
Global
	GlobalSection(SolutionConfigurationPlatforms) = preSolution
		Debug|Any CPU = Debug|Any CPU
		Release|Any CPU = Release|Any CPU
	EndGlobalSection
	GlobalSection(SolutionProperties) = preSolution
		HideSolutionNode = FALSE
	EndGlobalSection
	GlobalSection(ProjectConfigurationPlatforms) = postSolution
		{118665F2-491F-4837-AD2F-9CCDF2687DF7}.Debug|Any CPU.ActiveCfg = Debug|Any CPU
		{118665F2-491F-4837-AD2F-9CCDF2687DF7}.Debug|Any CPU.Build.0 = Debug|Any CPU
		{118665F2-491F-4837-AD2F-9CCDF2687DF7}.Release|Any CPU.ActiveCfg = Release|Any CPU
		{118665F2-491F-4837-AD2F-9CCDF2687DF7}.Release|Any CPU.Build.0 = Release|Any CPU
		{DE776B7A-61D9-46CD-8E23-66FAB9D25EA8}.Debug|Any CPU.ActiveCfg = Debug|Any CPU
		{DE776B7A-61D9-46CD-8E23-66FAB9D25EA8}.Debug|Any CPU.Build.0 = Debug|Any CPU
		{DE776B7A-61D9-46CD-8E23-66FAB9D25EA8}.Release|Any CPU.ActiveCfg = Release|Any CPU
		{DE776B7A-61D9-46CD-8E23-66FAB9D25EA8}.Release|Any CPU.Build.0 = Release|Any CPU
		{15595F33-8CF3-4D7B-92CB-467FE5F7E84E}.Debug|Any CPU.ActiveCfg = Debug|Any CPU
		{15595F33-8CF3-4D7B-92CB-467FE5F7E84E}.Debug|Any CPU.Build.0 = Debug|Any CPU
		{15595F33-8CF3-4D7B-92CB-467FE5F7E84E}.Release|Any CPU.ActiveCfg = Release|Any CPU
		{15595F33-8CF3-4D7B-92CB-467FE5F7E84E}.Release|Any CPU.Build.0 = Release|Any CPU
		{EC59B9B2-260C-4DC6-AA7E-B561F6687E37}.Debug|Any CPU.ActiveCfg = Debug|Any CPU
		{EC59B9B2-260C-4DC6-AA7E-B561F6687E37}.Debug|Any CPU.Build.0 = Debug|Any CPU
		{EC59B9B2-260C-4DC6-AA7E-B561F6687E37}.Release|Any CPU.ActiveCfg = Release|Any CPU
		{EC59B9B2-260C-4DC6-AA7E-B561F6687E37}.Release|Any CPU.Build.0 = Release|Any CPU
	EndGlobalSection
EndGlobal
